
Microsoft Visual Studio Solution File, Format Version 12.00
# Visual Studio Version 17
VisualStudioVersion = 17.9.34714.143
MinimumVisualStudioVersion = 10.0.40219.1
Project("{FAE04EC0-301F-11D3-BF4B-00C04F79EFBC}") = "MVCBox", "MVCBox\MVCBox.csproj", "{17CD61C3-B042-4BAC-893C-6F93B75A2651}"
EndProject
Global
	GlobalSection(SolutionConfigurationPlatforms) = preSolution
		Debug|Any CPU = Debug|Any CPU
		Release|Any CPU = Release|Any CPU
	EndGlobalSection
	GlobalSection(ProjectConfigurationPlatforms) = postSolution
		{17CD61C3-B042-4BAC-893C-6F93B75A2651}.Debug|Any CPU.ActiveCfg = Debug|Any CPU
		{17CD61C3-B042-4BAC-893C-6F93B75A2651}.Debug|Any CPU.Build.0 = Debug|Any CPU
		{17CD61C3-B042-4BAC-893C-6F93B75A2651}.Release|Any CPU.ActiveCfg = Release|Any CPU
		{17CD61C3-B042-4BAC-893C-6F93B75A2651}.Release|Any CPU.Build.0 = Release|Any CPU
	EndGlobalSection
	GlobalSection(SolutionProperties) = preSolution
		HideSolutionNode = FALSE
	EndGlobalSection
	GlobalSection(ExtensibilityGlobals) = postSolution
		SolutionGuid = {EE78B904-7862-4684-B49F-C4521679006F}
	EndGlobalSection
EndGlobal
